
Microsoft Visual Studio Solution File, Format Version 12.00
# Visual Studio Version 17
VisualStudioVersion = 17.1.32421.90
MinimumVisualStudioVersion = 10.0.40219.1
Project("{FAE04EC0-301F-11D3-BF4B-00C04F79EFBC}") = "veteriner", "veteriner\veteriner.csproj", "{0B196FBB-7188-48B2-BB06-DD53091B60CE}"
EndProject
Global
	GlobalSection(SolutionConfigurationPlatforms) = preSolution
		Debug|Any CPU = Debug|Any CPU
		Release|Any CPU = Release|Any CPU
	EndGlobalSection
	GlobalSection(ProjectConfigurationPlatforms) = postSolution
		{0B196FBB-7188-48B2-BB06-DD53091B60CE}.Debug|Any CPU.ActiveCfg = Debug|Any CPU
		{0B196FBB-7188-48B2-BB06-DD53091B60CE}.Debug|Any CPU.Build.0 = Debug|Any CPU
		{0B196FBB-7188-48B2-BB06-DD53091B60CE}.Release|Any CPU.ActiveCfg = Release|Any CPU
		{0B196FBB-7188-48B2-BB06-DD53091B60CE}.Release|Any CPU.Build.0 = Release|Any CPU
	EndGlobalSection
	GlobalSection(SolutionProperties) = preSolution
		HideSolutionNode = FALSE
	EndGlobalSection
	GlobalSection(ExtensibilityGlobals) = postSolution
		SolutionGuid = {9DA194FC-3DD6-435E-B424-9A079F2B05E6}
	EndGlobalSection
EndGlobal
